
Microsoft Visual Studio Solution File, Format Version 12.00
# Visual Studio Version 17
VisualStudioVersion = 17.1.32328.378
MinimumVisualStudioVersion = 10.0.40219.1
Project("{FAE04EC0-301F-11D3-BF4B-00C04F79EFBC}") = "ClothingAttacher", "ClothingAttacher.csproj", "{22F3B397-BC17-4EF5-BDC9-14E639E5DC36}"
EndProject
Global
	GlobalSection(SolutionConfigurationPlatforms) = preSolution
		Debug|Any CPU = Debug|Any CPU
		Release|Any CPU = Release|Any CPU
	EndGlobalSection
	GlobalSection(ProjectConfigurationPlatforms) = postSolution
		{22F3B397-BC17-4EF5-BDC9-14E639E5DC36}.Debug|Any CPU.ActiveCfg = Debug|Any CPU
		{22F3B397-BC17-4EF5-BDC9-14E639E5DC36}.Debug|Any CPU.Build.0 = Debug|Any CPU
		{22F3B397-BC17-4EF5-BDC9-14E639E5DC36}.Release|Any CPU.ActiveCfg = Release|Any CPU
		{22F3B397-BC17-4EF5-BDC9-14E639E5DC36}.Release|Any CPU.Build.0 = Release|Any CPU
	EndGlobalSection
	GlobalSection(SolutionProperties) = preSolution
		HideSolutionNode = FALSE
	EndGlobalSection
	GlobalSection(ExtensibilityGlobals) = postSolution
		SolutionGuid = {758D3210-479E-4F96-892D-CE67841488C8}
	EndGlobalSection
EndGlobal
